
Microsoft Visual Studio Solution File, Format Version 12.00
# Visual Studio Version 17
VisualStudioVersion = 17.7.34018.315
MinimumVisualStudioVersion = 10.0.40219.1
Project("{2150E333-8FDC-42A3-9474-1A3956D46DE8}") = "Services", "Services", "{9E65C2DC-44F8-4758-911E-3FCE25D471F9}"
EndProject
Project("{2150E333-8FDC-42A3-9474-1A3956D46DE8}") = "Catalog", "Catalog", "{10D43C97-0974-443D-B79C-E003DD3FE196}"
EndProject
Project("{9A19103F-16F7-4668-BE54-9A1E7A4F7556}") = "LessonTime.Services.Catalog", "Services\Catalog\LessonTime.Services.Catalog\LessonTime.Services.Catalog.csproj", "{BF51E91F-5318-46E9-B9CC-CAA3E6F83D88}"
EndProject
Project("{2150E333-8FDC-42A3-9474-1A3956D46DE8}") = "Solution Items", "Solution Items", "{F09D50AE-326C-4B45-A936-BC532257955A}"
	ProjectSection(SolutionItems) = preProject
		TextFile1.txt = TextFile1.txt
	EndProjectSection
EndProject
Project("{2150E333-8FDC-42A3-9474-1A3956D46DE8}") = "Shared", "Shared", "{F2F40BC9-0E79-4C9A-8C6B-D4C7EEAFB114}"
EndProject
Project("{9A19103F-16F7-4668-BE54-9A1E7A4F7556}") = "LessonTime.Shared", "Shared\LessonTime.Shared\LessonTime.Shared.csproj", "{07A9D50E-BE48-4A02-B16F-DCD398ED0CF5}"
EndProject
Project("{2150E333-8FDC-42A3-9474-1A3956D46DE8}") = "IdentityServer", "IdentityServer", "{84F60C10-FBCD-4B8F-A8E5-E6C1A3144315}"
EndProject
Project("{9A19103F-16F7-4668-BE54-9A1E7A4F7556}") = "LessonTime.IdentityServer", "IdentityServer\LessonTime.IdentityServer\LessonTime.IdentityServer.csproj", "{67AA282F-262D-4E12-B769-C7CD4D2643C1}"
EndProject
Project("{2150E333-8FDC-42A3-9474-1A3956D46DE8}") = "PhotoStock", "PhotoStock", "{C9D43168-DF6E-495A-89E7-18DCA6FA860A}"
EndProject
Project("{9A19103F-16F7-4668-BE54-9A1E7A4F7556}") = "LessonTime.PhotoStock", "Services\PhotoStock\LessonTime.PhotoStock\LessonTime.PhotoStock.csproj", "{266E360E-E3E3-4D97-8913-22F6F6C39E4C}"
EndProject
Project("{2150E333-8FDC-42A3-9474-1A3956D46DE8}") = "Basket", "Basket", "{DDC58801-E81F-4178-81DF-B055AF0833E4}"
EndProject
Project("{9A19103F-16F7-4668-BE54-9A1E7A4F7556}") = "LessonTime.Services.Basket", "Services\Basket\LessonTime.Services.Basket\LessonTime.Services.Basket.csproj", "{57CFE6E0-FF29-44D4-8807-492539E5692C}"
EndProject
Project("{2150E333-8FDC-42A3-9474-1A3956D46DE8}") = "Discount", "Discount", "{15B7472E-3634-4A86-8992-4C35E3B6608D}"
EndProject
Project("{9A19103F-16F7-4668-BE54-9A1E7A4F7556}") = "LessonTime.Services.Discount", "Services\Discount\LessonTime.Services.Discount\LessonTime.Services.Discount.csproj", "{C7A71055-0D41-4CBA-82FD-F937105D8C85}"
EndProject
Project("{2150E333-8FDC-42A3-9474-1A3956D46DE8}") = "Order", "Order", "{BE09EC7D-2B50-4664-B41C-0C1EB88E2F1B}"
EndProject
Project("{9A19103F-16F7-4668-BE54-9A1E7A4F7556}") = "LessonTime.Services.Order.API", "Services\Order\LessonTime.Services.Order.API\LessonTime.Services.Order.API.csproj", "{6949FA8C-C5FE-49FC-BDEF-1E86BD8AC44D}"
EndProject
Project("{9A19103F-16F7-4668-BE54-9A1E7A4F7556}") = "LessonTime.Services.Order.Application", "Services\Order\LessonTime.Services.Order.Application\LessonTime.Services.Order.Application.csproj", "{C1ED7F4B-02FB-456C-A02E-45B246DF67A2}"
EndProject
Project("{9A19103F-16F7-4668-BE54-9A1E7A4F7556}") = "LessonTime.Services.Order.Domain", "Services\Order\LessonTime.Services.Order.Domain\LessonTime.Services.Order.Domain.csproj", "{614F07FF-8E13-4672-8566-7AD73C657267}"
EndProject
Project("{9A19103F-16F7-4668-BE54-9A1E7A4F7556}") = "LessonTime.Services.Order.Domain.Core", "Services\Order\LessonTime.Services.Order.Domain.Core\LessonTime.Services.Order.Domain.Core.csproj", "{04FAA228-41BA-4987-9531-0BDE1988C292}"
EndProject
Project("{9A19103F-16F7-4668-BE54-9A1E7A4F7556}") = "LessonTime.Services.Order.Infrastructure", "Services\Order\LessonTime.Services.Order.Infrastructure\LessonTime.Services.Order.Infrastructure.csproj", "{0D2008F9-2CA6-4C07-B728-1B1FEEB3E7D7}"
EndProject
Project("{2150E333-8FDC-42A3-9474-1A3956D46DE8}") = "FakePayment", "FakePayment", "{53D54ED7-3D98-4DEA-B03C-E6675E16FD44}"
EndProject
Project("{FAE04EC0-301F-11D3-BF4B-00C04F79EFBC}") = "LessonTime.Services.FakePayment", "Services\FakePayment\LessonTime.Services.FakePayment\LessonTime.Services.FakePayment.csproj", "{57DD1387-8BC2-4E3D-B8D4-4E9E7228EDC7}"
EndProject
Global
	GlobalSection(SolutionConfigurationPlatforms) = preSolution
		Debug|Any CPU = Debug|Any CPU
		Release|Any CPU = Release|Any CPU
	EndGlobalSection
	GlobalSection(ProjectConfigurationPlatforms) = postSolution
		{BF51E91F-5318-46E9-B9CC-CAA3E6F83D88}.Debug|Any CPU.ActiveCfg = Debug|Any CPU
		{BF51E91F-5318-46E9-B9CC-CAA3E6F83D88}.Debug|Any CPU.Build.0 = Debug|Any CPU
		{BF51E91F-5318-46E9-B9CC-CAA3E6F83D88}.Release|Any CPU.ActiveCfg = Release|Any CPU
		{BF51E91F-5318-46E9-B9CC-CAA3E6F83D88}.Release|Any CPU.Build.0 = Release|Any CPU
		{07A9D50E-BE48-4A02-B16F-DCD398ED0CF5}.Debug|Any CPU.ActiveCfg = Debug|Any CPU
		{07A9D50E-BE48-4A02-B16F-DCD398ED0CF5}.Debug|Any CPU.Build.0 = Debug|Any CPU
		{07A9D50E-BE48-4A02-B16F-DCD398ED0CF5}.Release|Any CPU.ActiveCfg = Release|Any CPU
		{07A9D50E-BE48-4A02-B16F-DCD398ED0CF5}.Release|Any CPU.Build.0 = Release|Any CPU
		{67AA282F-262D-4E12-B769-C7CD4D2643C1}.Debug|Any CPU.ActiveCfg = Debug|Any CPU
		{67AA282F-262D-4E12-B769-C7CD4D2643C1}.Debug|Any CPU.Build.0 = Debug|Any CPU
		{67AA282F-262D-4E12-B769-C7CD4D2643C1}.Release|Any CPU.ActiveCfg = Release|Any CPU
		{67AA282F-262D-4E12-B769-C7CD4D2643C1}.Release|Any CPU.Build.0 = Release|Any CPU
		{266E360E-E3E3-4D97-8913-22F6F6C39E4C}.Debug|Any CPU.ActiveCfg = Debug|Any CPU
		{266E360E-E3E3-4D97-8913-22F6F6C39E4C}.Debug|Any CPU.Build.0 = Debug|Any CPU
		{266E360E-E3E3-4D97-8913-22F6F6C39E4C}.Release|Any CPU.ActiveCfg = Release|Any CPU
		{266E360E-E3E3-4D97-8913-22F6F6C39E4C}.Release|Any CPU.Build.0 = Release|Any CPU
		{57CFE6E0-FF29-44D4-8807-492539E5692C}.Debug|Any CPU.ActiveCfg = Debug|Any CPU
		{57CFE6E0-FF29-44D4-8807-492539E5692C}.Debug|Any CPU.Build.0 = Debug|Any CPU
		{57CFE6E0-FF29-44D4-8807-492539E5692C}.Release|Any CPU.ActiveCfg = Release|Any CPU
		{57CFE6E0-FF29-44D4-8807-492539E5692C}.Release|Any CPU.Build.0 = Release|Any CPU
		{C7A71055-0D41-4CBA-82FD-F937105D8C85}.Debug|Any CPU.ActiveCfg = Debug|Any CPU
		{C7A71055-0D41-4CBA-82FD-F937105D8C85}.Debug|Any CPU.Build.0 = Debug|Any CPU
		{C7A71055-0D41-4CBA-82FD-F937105D8C85}.Release|Any CPU.ActiveCfg = Release|Any CPU
		{C7A71055-0D41-4CBA-82FD-F937105D8C85}.Release|Any CPU.Build.0 = Release|Any CPU
		{6949FA8C-C5FE-49FC-BDEF-1E86BD8AC44D}.Debug|Any CPU.ActiveCfg = Debug|Any CPU
		{6949FA8C-C5FE-49FC-BDEF-1E86BD8AC44D}.Debug|Any CPU.Build.0 = Debug|Any CPU
		{6949FA8C-C5FE-49FC-BDEF-1E86BD8AC44D}.Release|Any CPU.ActiveCfg = Release|Any CPU
		{6949FA8C-C5FE-49FC-BDEF-1E86BD8AC44D}.Release|Any CPU.Build.0 = Release|Any CPU
		{C1ED7F4B-02FB-456C-A02E-45B246DF67A2}.Debug|Any CPU.ActiveCfg = Debug|Any CPU
		{C1ED7F4B-02FB-456C-A02E-45B246DF67A2}.Debug|Any CPU.Build.0 = Debug|Any CPU
		{C1ED7F4B-02FB-456C-A02E-45B246DF67A2}.Release|Any CPU.ActiveCfg = Release|Any CPU
		{C1ED7F4B-02FB-456C-A02E-45B246DF67A2}.Release|Any CPU.Build.0 = Release|Any CPU
		{614F07FF-8E13-4672-8566-7AD73C657267}.Debug|Any CPU.ActiveCfg = Debug|Any CPU
		{614F07FF-8E13-4672-8566-7AD73C657267}.Debug|Any CPU.Build.0 = Debug|Any CPU
		{614F07FF-8E13-4672-8566-7AD73C657267}.Release|Any CPU.ActiveCfg = Release|Any CPU
		{614F07FF-8E13-4672-8566-7AD73C657267}.Release|Any CPU.Build.0 = Release|Any CPU
		{04FAA228-41BA-4987-9531-0BDE1988C292}.Debug|Any CPU.ActiveCfg = Debug|Any CPU
		{04FAA228-41BA-4987-9531-0BDE1988C292}.Debug|Any CPU.Build.0 = Debug|Any CPU
		{04FAA228-41BA-4987-9531-0BDE1988C292}.Release|Any CPU.ActiveCfg = Release|Any CPU
		{04FAA228-41BA-4987-9531-0BDE1988C292}.Release|Any CPU.Build.0 = Release|Any CPU
		{0D2008F9-2CA6-4C07-B728-1B1FEEB3E7D7}.Debug|Any CPU.ActiveCfg = Debug|Any CPU
		{0D2008F9-2CA6-4C07-B728-1B1FEEB3E7D7}.Debug|Any CPU.Build.0 = Debug|Any CPU
		{0D2008F9-2CA6-4C07-B728-1B1FEEB3E7D7}.Release|Any CPU.ActiveCfg = Release|Any CPU
		{0D2008F9-2CA6-4C07-B728-1B1FEEB3E7D7}.Release|Any CPU.Build.0 = Release|Any CPU
		{57DD1387-8BC2-4E3D-B8D4-4E9E7228EDC7}.Debug|Any CPU.ActiveCfg = Debug|Any CPU
		{57DD1387-8BC2-4E3D-B8D4-4E9E7228EDC7}.Debug|Any CPU.Build.0 = Debug|Any CPU
		{57DD1387-8BC2-4E3D-B8D4-4E9E7228EDC7}.Release|Any CPU.ActiveCfg = Release|Any CPU
		{57DD1387-8BC2-4E3D-B8D4-4E9E7228EDC7}.Release|Any CPU.Build.0 = Release|Any CPU
	EndGlobalSection
	GlobalSection(SolutionProperties) = preSolution
		HideSolutionNode = FALSE
	EndGlobalSection
	GlobalSection(NestedProjects) = preSolution
		{10D43C97-0974-443D-B79C-E003DD3FE196} = {9E65C2DC-44F8-4758-911E-3FCE25D471F9}
		{BF51E91F-5318-46E9-B9CC-CAA3E6F83D88} = {10D43C97-0974-443D-B79C-E003DD3FE196}
		{07A9D50E-BE48-4A02-B16F-DCD398ED0CF5} = {F2F40BC9-0E79-4C9A-8C6B-D4C7EEAFB114}
		{67AA282F-262D-4E12-B769-C7CD4D2643C1} = {84F60C10-FBCD-4B8F-A8E5-E6C1A3144315}
		{C9D43168-DF6E-495A-89E7-18DCA6FA860A} = {9E65C2DC-44F8-4758-911E-3FCE25D471F9}
		{266E360E-E3E3-4D97-8913-22F6F6C39E4C} = {C9D43168-DF6E-495A-89E7-18DCA6FA860A}
		{DDC58801-E81F-4178-81DF-B055AF0833E4} = {9E65C2DC-44F8-4758-911E-3FCE25D471F9}
		{57CFE6E0-FF29-44D4-8807-492539E5692C} = {DDC58801-E81F-4178-81DF-B055AF0833E4}
		{15B7472E-3634-4A86-8992-4C35E3B6608D} = {9E65C2DC-44F8-4758-911E-3FCE25D471F9}
		{C7A71055-0D41-4CBA-82FD-F937105D8C85} = {15B7472E-3634-4A86-8992-4C35E3B6608D}
		{BE09EC7D-2B50-4664-B41C-0C1EB88E2F1B} = {9E65C2DC-44F8-4758-911E-3FCE25D471F9}
		{6949FA8C-C5FE-49FC-BDEF-1E86BD8AC44D} = {BE09EC7D-2B50-4664-B41C-0C1EB88E2F1B}
		{C1ED7F4B-02FB-456C-A02E-45B246DF67A2} = {BE09EC7D-2B50-4664-B41C-0C1EB88E2F1B}
		{614F07FF-8E13-4672-8566-7AD73C657267} = {BE09EC7D-2B50-4664-B41C-0C1EB88E2F1B}
		{04FAA228-41BA-4987-9531-0BDE1988C292} = {BE09EC7D-2B50-4664-B41C-0C1EB88E2F1B}
		{0D2008F9-2CA6-4C07-B728-1B1FEEB3E7D7} = {BE09EC7D-2B50-4664-B41C-0C1EB88E2F1B}
		{53D54ED7-3D98-4DEA-B03C-E6675E16FD44} = {9E65C2DC-44F8-4758-911E-3FCE25D471F9}
		{57DD1387-8BC2-4E3D-B8D4-4E9E7228EDC7} = {53D54ED7-3D98-4DEA-B03C-E6675E16FD44}
	EndGlobalSection
	GlobalSection(ExtensibilityGlobals) = postSolution
		SolutionGuid = {0AE7155E-F452-4117-8578-E310E9949E62}
	EndGlobalSection
EndGlobal
